
Microsoft Visual Studio Solution File, Format Version 12.00
# Visual Studio Version 16
VisualStudioVersion = 16.0.30330.147
MinimumVisualStudioVersion = 10.0.40219.1
Project("{9A19103F-16F7-4668-BE54-9A1E7A4F7556}") = "IOTTasks", "IOTTasks\IOTTasks.csproj", "{5992A8E5-3BDF-46CF-BE04-84A89A5A900B}"
EndProject
Project("{9A19103F-16F7-4668-BE54-9A1E7A4F7556}") = "IOT.Models", "IOT.Models\IOT.Models.csproj", "{F10294DC-CD10-4B1F-BB66-6DD9291BF92B}"
EndProject
Project("{9A19103F-16F7-4668-BE54-9A1E7A4F7556}") = "IOT.Repositories", "IOT.Repositories\IOT.Repositories.csproj", "{233741DC-5831-43AF-A312-BB72D9E8C3BA}"
EndProject
Project("{9A19103F-16F7-4668-BE54-9A1E7A4F7556}") = "IOT.Services", "IOT.Services\IOT.Services.csproj", "{B3D77E1A-A99E-4348-86DC-DA0C3FD94413}"
EndProject
Project("{9A19103F-16F7-4668-BE54-9A1E7A4F7556}") = "IOT.Utilities", "IOT.Utilities\IOT.Utilities.csproj", "{A4E1F628-4468-45F6-8A9C-D135A3A4ED96}"
EndProject
Project("{9A19103F-16F7-4668-BE54-9A1E7A4F7556}") = "IOT.ViewModels", "IOT.ViewModels\IOT.ViewModels.csproj", "{2C1135FF-FBCE-49AE-B25A-440B0DBA94BF}"
EndProject
Project("{2150E333-8FDC-42A3-9474-1A3956D46DE8}") = "Solution Items", "Solution Items", "{6C93A8C5-C817-4FFC-9D48-918EA0BD6B09}"
EndProject
Project("{E53339B2-1760-4266-BCC7-CA923CBCF16C}") = "docker-compose", "docker-compose.dcproj", "{2BF61676-FF00-4EC2-913C-BB7390E776B8}"
EndProject
Global
	GlobalSection(SolutionConfigurationPlatforms) = preSolution
		Debug|Any CPU = Debug|Any CPU
		Release|Any CPU = Release|Any CPU
	EndGlobalSection
	GlobalSection(ProjectConfigurationPlatforms) = postSolution
		{5992A8E5-3BDF-46CF-BE04-84A89A5A900B}.Debug|Any CPU.ActiveCfg = Debug|Any CPU
		{5992A8E5-3BDF-46CF-BE04-84A89A5A900B}.Debug|Any CPU.Build.0 = Debug|Any CPU
		{5992A8E5-3BDF-46CF-BE04-84A89A5A900B}.Release|Any CPU.ActiveCfg = Release|Any CPU
		{5992A8E5-3BDF-46CF-BE04-84A89A5A900B}.Release|Any CPU.Build.0 = Release|Any CPU
		{F10294DC-CD10-4B1F-BB66-6DD9291BF92B}.Debug|Any CPU.ActiveCfg = Debug|Any CPU
		{F10294DC-CD10-4B1F-BB66-6DD9291BF92B}.Debug|Any CPU.Build.0 = Debug|Any CPU
		{F10294DC-CD10-4B1F-BB66-6DD9291BF92B}.Release|Any CPU.ActiveCfg = Release|Any CPU
		{F10294DC-CD10-4B1F-BB66-6DD9291BF92B}.Release|Any CPU.Build.0 = Release|Any CPU
		{233741DC-5831-43AF-A312-BB72D9E8C3BA}.Debug|Any CPU.ActiveCfg = Debug|Any CPU
		{233741DC-5831-43AF-A312-BB72D9E8C3BA}.Debug|Any CPU.Build.0 = Debug|Any CPU
		{233741DC-5831-43AF-A312-BB72D9E8C3BA}.Release|Any CPU.ActiveCfg = Release|Any CPU
		{233741DC-5831-43AF-A312-BB72D9E8C3BA}.Release|Any CPU.Build.0 = Release|Any CPU
		{B3D77E1A-A99E-4348-86DC-DA0C3FD94413}.Debug|Any CPU.ActiveCfg = Debug|Any CPU
		{B3D77E1A-A99E-4348-86DC-DA0C3FD94413}.Debug|Any CPU.Build.0 = Debug|Any CPU
		{B3D77E1A-A99E-4348-86DC-DA0C3FD94413}.Release|Any CPU.ActiveCfg = Release|Any CPU
		{B3D77E1A-A99E-4348-86DC-DA0C3FD94413}.Release|Any CPU.Build.0 = Release|Any CPU
		{A4E1F628-4468-45F6-8A9C-D135A3A4ED96}.Debug|Any CPU.ActiveCfg = Debug|Any CPU
		{A4E1F628-4468-45F6-8A9C-D135A3A4ED96}.Debug|Any CPU.Build.0 = Debug|Any CPU
		{A4E1F628-4468-45F6-8A9C-D135A3A4ED96}.Release|Any CPU.ActiveCfg = Release|Any CPU
		{A4E1F628-4468-45F6-8A9C-D135A3A4ED96}.Release|Any CPU.Build.0 = Release|Any CPU
		{2C1135FF-FBCE-49AE-B25A-440B0DBA94BF}.Debug|Any CPU.ActiveCfg = Debug|Any CPU
		{2C1135FF-FBCE-49AE-B25A-440B0DBA94BF}.Debug|Any CPU.Build.0 = Debug|Any CPU
		{2C1135FF-FBCE-49AE-B25A-440B0DBA94BF}.Release|Any CPU.ActiveCfg = Release|Any CPU
		{2C1135FF-FBCE-49AE-B25A-440B0DBA94BF}.Release|Any CPU.Build.0 = Release|Any CPU
		{2BF61676-FF00-4EC2-913C-BB7390E776B8}.Debug|Any CPU.ActiveCfg = Debug|Any CPU
		{2BF61676-FF00-4EC2-913C-BB7390E776B8}.Debug|Any CPU.Build.0 = Debug|Any CPU
		{2BF61676-FF00-4EC2-913C-BB7390E776B8}.Release|Any CPU.ActiveCfg = Release|Any CPU
		{2BF61676-FF00-4EC2-913C-BB7390E776B8}.Release|Any CPU.Build.0 = Release|Any CPU
	EndGlobalSection
	GlobalSection(SolutionProperties) = preSolution
		HideSolutionNode = FALSE
	EndGlobalSection
	GlobalSection(ExtensibilityGlobals) = postSolution
		SolutionGuid = {0F704817-B0B5-4A06-B1A4-4E1E35D1B9E0}
	EndGlobalSection
EndGlobal
